
Microsoft Visual Studio Solution File, Format Version 12.00
# Visual Studio 15
VisualStudioVersion = 15.0.27004.2006
MinimumVisualStudioVersion = 10.0.40219.1
Project("{FAE04EC0-301F-11D3-BF4B-00C04F79EFBC}") = "FIXProtocolAdapter.API", "FIXProtocolAdapter.API\FIXProtocolAdapter.API.csproj", "{99FA4CFB-9635-4CA2-92CD-4EB30EA07213}"
EndProject
Project("{FAE04EC0-301F-11D3-BF4B-00C04F79EFBC}") = "FIXProtocolAdapter.Common", "FIXProtocolAdapter.Common\FIXProtocolAdapter.Common.csproj", "{21035AA9-D423-4DF4-AD76-87765EC2EC1C}"
EndProject
Project("{FAE04EC0-301F-11D3-BF4B-00C04F79EFBC}") = "FIXProtocolAdapter.Providers", "FIXProtocolAdapter.Providers\FIXProtocolAdapter.Providers.csproj", "{551C9C6F-C261-4240-ACD1-7FDE894C10A5}"
EndProject
Global
	GlobalSection(SolutionConfigurationPlatforms) = preSolution
		Debug|Any CPU = Debug|Any CPU
		Release|Any CPU = Release|Any CPU
	EndGlobalSection
	GlobalSection(ProjectConfigurationPlatforms) = postSolution
		{99FA4CFB-9635-4CA2-92CD-4EB30EA07213}.Debug|Any CPU.ActiveCfg = Debug|Any CPU
		{99FA4CFB-9635-4CA2-92CD-4EB30EA07213}.Debug|Any CPU.Build.0 = Debug|Any CPU
		{99FA4CFB-9635-4CA2-92CD-4EB30EA07213}.Release|Any CPU.ActiveCfg = Release|Any CPU
		{99FA4CFB-9635-4CA2-92CD-4EB30EA07213}.Release|Any CPU.Build.0 = Release|Any CPU
		{21035AA9-D423-4DF4-AD76-87765EC2EC1C}.Debug|Any CPU.ActiveCfg = Debug|Any CPU
		{21035AA9-D423-4DF4-AD76-87765EC2EC1C}.Debug|Any CPU.Build.0 = Debug|Any CPU
		{21035AA9-D423-4DF4-AD76-87765EC2EC1C}.Release|Any CPU.ActiveCfg = Release|Any CPU
		{21035AA9-D423-4DF4-AD76-87765EC2EC1C}.Release|Any CPU.Build.0 = Release|Any CPU
		{551C9C6F-C261-4240-ACD1-7FDE894C10A5}.Debug|Any CPU.ActiveCfg = Debug|Any CPU
		{551C9C6F-C261-4240-ACD1-7FDE894C10A5}.Debug|Any CPU.Build.0 = Debug|Any CPU
		{551C9C6F-C261-4240-ACD1-7FDE894C10A5}.Release|Any CPU.ActiveCfg = Release|Any CPU
		{551C9C6F-C261-4240-ACD1-7FDE894C10A5}.Release|Any CPU.Build.0 = Release|Any CPU
	EndGlobalSection
	GlobalSection(SolutionProperties) = preSolution
		HideSolutionNode = FALSE
	EndGlobalSection
	GlobalSection(ExtensibilityGlobals) = postSolution
		SolutionGuid = {B3B0F21E-4E20-485E-8718-1FC4CB920B98}
	EndGlobalSection
EndGlobal
